Microsoft Visual Studio Solution File, Format Version 12.00
# Visual Studio Version 17
VisualStudioVersion = 17.10.35027.167
MinimumVisualStudioVersion = 10.0.40219.1
Project("{FAE04EC0-301F-11D3-BF4B-00C04F79EFBC}") = "QuanLyBanHang", "QuanLyBanHang\QuanLyBanHang.csproj", "{0BAAAAE2-3A71-4C99-9DFF-A05CB43957D6}"
EndProject
Global
	GlobalSection(SolutionConfigurationPlatforms) = preSolution
		Debug|Any CPU = Debug|Any CPU
		Release|Any CPU = Release|Any CPU
	EndGlobalSection
	GlobalSection(ProjectConfigurationPlatforms) = postSolution
		{0BAAAAE2-3A71-4C99-9DFF-A05CB43957D6}.Debug|Any CPU.ActiveCfg = Debug|Any CPU
		{0BAAAAE2-3A71-4C99-9DFF-A05CB43957D6}.Debug|Any CPU.Build.0 = Debug|Any CPU
		{0BAAAAE2-3A71-4C99-9DFF-A05CB43957D6}.Release|Any CPU.ActiveCfg = Release|Any CPU
		{0BAAAAE2-3A71-4C99-9DFF-A05CB43957D6}.Release|Any CPU.Build.0 = Release|Any CPU
	EndGlobalSection
	GlobalSection(SolutionProperties) = preSolution
		HideSolutionNode = FALSE
	EndGlobalSection
	GlobalSection(ExtensibilityGlobals) = postSolution
		SolutionGuid = {4C8A6E37-0B9B-4387-A40E-83414386829E}
	EndGlobalSection
EndGlobal
